
Microsoft Visual Studio Solution File, Format Version 12.00
# Visual Studio Version 16
VisualStudioVersion = 16.0.30413.136
MinimumVisualStudioVersion = 10.0.40219.1
Project("{FAE04EC0-301F-11D3-BF4B-00C04F79EFBC}") = "Week5Arrays", "Week5Arrays\Week5Arrays.csproj", "{5D1E0591-80B9-44EF-B626-1A5FC3004BB8}"
EndProject
Global
	GlobalSection(SolutionConfigurationPlatforms) = preSolution
		Debug|Any CPU = Debug|Any CPU
		Release|Any CPU = Release|Any CPU
	EndGlobalSection
	GlobalSection(ProjectConfigurationPlatforms) = postSolution
		{5D1E0591-80B9-44EF-B626-1A5FC3004BB8}.Debug|Any CPU.ActiveCfg = Debug|Any CPU
		{5D1E0591-80B9-44EF-B626-1A5FC3004BB8}.Debug|Any CPU.Build.0 = Debug|Any CPU
		{5D1E0591-80B9-44EF-B626-1A5FC3004BB8}.Release|Any CPU.ActiveCfg = Release|Any CPU
		{5D1E0591-80B9-44EF-B626-1A5FC3004BB8}.Release|Any CPU.Build.0 = Release|Any CPU
	EndGlobalSection
	GlobalSection(SolutionProperties) = preSolution
		HideSolutionNode = FALSE
	EndGlobalSection
	GlobalSection(ExtensibilityGlobals) = postSolution
		SolutionGuid = {6ACEBCE0-5840-4FD0-94B9-501C474D3FED}
	EndGlobalSection
EndGlobal
